
Microsoft Visual Studio Solution File, Format Version 12.00
# Visual Studio Version 16
VisualStudioVersion = 16.0.30002.166
MinimumVisualStudioVersion = 10.0.40219.1
Project("{FAE04EC0-301F-11D3-BF4B-00C04F79EFBC}") = "Basic", "Basic\Basic.csproj", "{FE118E17-A788-4C55-90A2-F8CD082D5DA7}"
EndProject
Global
	GlobalSection(SolutionConfigurationPlatforms) = preSolution
		Debug|Any CPU = Debug|Any CPU
		Release|Any CPU = Release|Any CPU
	EndGlobalSection
	GlobalSection(ProjectConfigurationPlatforms) = postSolution
		{FE118E17-A788-4C55-90A2-F8CD082D5DA7}.Debug|Any CPU.ActiveCfg = Debug|Any CPU
		{FE118E17-A788-4C55-90A2-F8CD082D5DA7}.Debug|Any CPU.Build.0 = Debug|Any CPU
		{FE118E17-A788-4C55-90A2-F8CD082D5DA7}.Release|Any CPU.ActiveCfg = Release|Any CPU
		{FE118E17-A788-4C55-90A2-F8CD082D5DA7}.Release|Any CPU.Build.0 = Release|Any CPU
	EndGlobalSection
	GlobalSection(SolutionProperties) = preSolution
		HideSolutionNode = FALSE
	EndGlobalSection
	GlobalSection(ExtensibilityGlobals) = postSolution
		SolutionGuid = {0C028ACE-6DF4-4096-861F-2D7CA3D56007}
	EndGlobalSection
EndGlobal
